
Microsoft Visual Studio Solution File, Format Version 12.00
# Visual Studio Version 17
VisualStudioVersion = 17.11.35327.3
MinimumVisualStudioVersion = 10.0.40219.1
Project("{9A19103F-16F7-4668-BE54-9A1E7A4F7556}") = "Shary.API", "Shary.API\Shary.API.csproj", "{9507D5CF-B986-4662-9FC6-98341F8E1671}"
EndProject
Project("{9A19103F-16F7-4668-BE54-9A1E7A4F7556}") = "Shary.Core", "Shary.Core\Shary.Core.csproj", "{9210544C-9C10-46B9-8A3C-5234DDFBB524}"
EndProject
Project("{9A19103F-16F7-4668-BE54-9A1E7A4F7556}") = "Shary.Repository", "Shary.Repository\Shary.Repository.csproj", "{4162C358-B45E-4B97-91EE-36062ECB6224}"
EndProject
Project("{FAE04EC0-301F-11D3-BF4B-00C04F79EFBC}") = "Shary.Service", "Shary.Service\Shary.Service.csproj", "{09AED81F-7965-415E-84BD-74C53CD009BC}"
EndProject
Global
	GlobalSection(SolutionConfigurationPlatforms) = preSolution
		Debug|Any CPU = Debug|Any CPU
		Release|Any CPU = Release|Any CPU
	EndGlobalSection
	GlobalSection(ProjectConfigurationPlatforms) = postSolution
		{9507D5CF-B986-4662-9FC6-98341F8E1671}.Debug|Any CPU.ActiveCfg = Debug|Any CPU
		{9507D5CF-B986-4662-9FC6-98341F8E1671}.Debug|Any CPU.Build.0 = Debug|Any CPU
		{9507D5CF-B986-4662-9FC6-98341F8E1671}.Release|Any CPU.ActiveCfg = Release|Any CPU
		{9507D5CF-B986-4662-9FC6-98341F8E1671}.Release|Any CPU.Build.0 = Release|Any CPU
		{9210544C-9C10-46B9-8A3C-5234DDFBB524}.Debug|Any CPU.ActiveCfg = Debug|Any CPU
		{9210544C-9C10-46B9-8A3C-5234DDFBB524}.Debug|Any CPU.Build.0 = Debug|Any CPU
		{9210544C-9C10-46B9-8A3C-5234DDFBB524}.Release|Any CPU.ActiveCfg = Release|Any CPU
		{9210544C-9C10-46B9-8A3C-5234DDFBB524}.Release|Any CPU.Build.0 = Release|Any CPU
		{4162C358-B45E-4B97-91EE-36062ECB6224}.Debug|Any CPU.ActiveCfg = Debug|Any CPU
		{4162C358-B45E-4B97-91EE-36062ECB6224}.Debug|Any CPU.Build.0 = Debug|Any CPU
		{4162C358-B45E-4B97-91EE-36062ECB6224}.Release|Any CPU.ActiveCfg = Release|Any CPU
		{4162C358-B45E-4B97-91EE-36062ECB6224}.Release|Any CPU.Build.0 = Release|Any CPU
		{09AED81F-7965-415E-84BD-74C53CD009BC}.Debug|Any CPU.ActiveCfg = Debug|Any CPU
		{09AED81F-7965-415E-84BD-74C53CD009BC}.Debug|Any CPU.Build.0 = Debug|Any CPU
		{09AED81F-7965-415E-84BD-74C53CD009BC}.Release|Any CPU.ActiveCfg = Release|Any CPU
		{09AED81F-7965-415E-84BD-74C53CD009BC}.Release|Any CPU.Build.0 = Release|Any CPU
	EndGlobalSection
	GlobalSection(SolutionProperties) = preSolution
		HideSolutionNode = FALSE
	EndGlobalSection
	GlobalSection(ExtensibilityGlobals) = postSolution
		SolutionGuid = {3AC3506E-AD5D-40FE-9018-D1B1479DB006}
	EndGlobalSection
EndGlobal
